
Microsoft Visual Studio Solution File, Format Version 12.00
# Visual Studio Version 17
VisualStudioVersion = 17.4.33110.190
MinimumVisualStudioVersion = 10.0.40219.1
Project("{FAE04EC0-301F-11D3-BF4B-00C04F79EFBC}") = "DatabaseFirstDemo", "DatabaseFirstDemo\DatabaseFirstDemo.csproj", "{04FE7F4E-5FDC-4ECA-A9D9-0AC567A4F892}"
EndProject
Global
	GlobalSection(SolutionConfigurationPlatforms) = preSolution
		Debug|Any CPU = Debug|Any CPU
		Release|Any CPU = Release|Any CPU
	EndGlobalSection
	GlobalSection(ProjectConfigurationPlatforms) = postSolution
		{04FE7F4E-5FDC-4ECA-A9D9-0AC567A4F892}.Debug|Any CPU.ActiveCfg = Debug|Any CPU
		{04FE7F4E-5FDC-4ECA-A9D9-0AC567A4F892}.Debug|Any CPU.Build.0 = Debug|Any CPU
		{04FE7F4E-5FDC-4ECA-A9D9-0AC567A4F892}.Release|Any CPU.ActiveCfg = Release|Any CPU
		{04FE7F4E-5FDC-4ECA-A9D9-0AC567A4F892}.Release|Any CPU.Build.0 = Release|Any CPU
	EndGlobalSection
	GlobalSection(SolutionProperties) = preSolution
		HideSolutionNode = FALSE
	EndGlobalSection
	GlobalSection(ExtensibilityGlobals) = postSolution
		SolutionGuid = {1047AC21-CDA2-463C-961F-DF1B111EA6C9}
	EndGlobalSection
EndGlobal
